
Microsoft Visual Studio Solution File, Format Version 12.00
# Visual Studio 14
VisualStudioVersion = 14.0.25420.1
MinimumVisualStudioVersion = 10.0.40219.1
Project("{2150E333-8FDC-42A3-9474-1A3956D46DE8}") = "src", "src", "{3D5D0B67-478E-4734-83F5-9D9F612E5661}"
EndProject
Project("{2150E333-8FDC-42A3-9474-1A3956D46DE8}") = "test", "test", "{263D749B-EEBE-4B2A-B79A-B162BAB68E24}"
EndProject
Project("{2150E333-8FDC-42A3-9474-1A3956D46DE8}") = "Solution Items", "Solution Items", "{708891CD-FD0A-455F-9ECE-9615ADDC7A64}"
	ProjectSection(SolutionItems) = preProject
		changelog.md = changelog.md
		global.json = global.json
		gulpfile.js = gulpfile.js
		nuget.config = nuget.config
		package.json = package.json
		readme.md = readme.md
	EndProjectSection
EndProject
Project("{8BB2217D-0F2D-49D1-97BC-3654ED321F3B}") = "Digipolis.DataAccess.UnitTests", "test\Digipolis.DataAccess.UnitTests\Digipolis.DataAccess.UnitTests.xproj", "{FF0474FF-5844-4B0A-8B7B-47AC592BDE03}"
EndProject
Project("{8BB2217D-0F2D-49D1-97BC-3654ED321F3B}") = "Digipolis.DataAccess", "src\Digipolis.DataAccess\Digipolis.DataAccess.xproj", "{9EA166E6-D15B-453F-A68E-8119BC472933}"
EndProject
Project("{2150E333-8FDC-42A3-9474-1A3956D46DE8}") = "samples", "samples", "{D3A85B77-BCBF-455F-9882-A63809F8F8B0}"
EndProject
Project("{8BB2217D-0F2D-49D1-97BC-3654ED321F3B}") = "DataAccess.SampleApp", "samples\DataAccess.SampleApp\DataAccess.SampleApp.xproj", "{C5A387B7-1E4A-441F-9571-389A76710710}"
EndProject
Global
	GlobalSection(SolutionConfigurationPlatforms) = preSolution
		Debug|Any CPU = Debug|Any CPU
		Release|Any CPU = Release|Any CPU
	EndGlobalSection
	GlobalSection(ProjectConfigurationPlatforms) = postSolution
		{FF0474FF-5844-4B0A-8B7B-47AC592BDE03}.Debug|Any CPU.ActiveCfg = Debug|Any CPU
		{FF0474FF-5844-4B0A-8B7B-47AC592BDE03}.Debug|Any CPU.Build.0 = Debug|Any CPU
		{FF0474FF-5844-4B0A-8B7B-47AC592BDE03}.Release|Any CPU.ActiveCfg = Release|Any CPU
		{FF0474FF-5844-4B0A-8B7B-47AC592BDE03}.Release|Any CPU.Build.0 = Release|Any CPU
		{9EA166E6-D15B-453F-A68E-8119BC472933}.Debug|Any CPU.ActiveCfg = Debug|Any CPU
		{9EA166E6-D15B-453F-A68E-8119BC472933}.Debug|Any CPU.Build.0 = Debug|Any CPU
		{9EA166E6-D15B-453F-A68E-8119BC472933}.Release|Any CPU.ActiveCfg = Release|Any CPU
		{9EA166E6-D15B-453F-A68E-8119BC472933}.Release|Any CPU.Build.0 = Release|Any CPU
		{C5A387B7-1E4A-441F-9571-389A76710710}.Debug|Any CPU.ActiveCfg = Debug|Any CPU
		{C5A387B7-1E4A-441F-9571-389A76710710}.Debug|Any CPU.Build.0 = Debug|Any CPU
		{C5A387B7-1E4A-441F-9571-389A76710710}.Release|Any CPU.ActiveCfg = Release|Any CPU
		{C5A387B7-1E4A-441F-9571-389A76710710}.Release|Any CPU.Build.0 = Release|Any CPU
	EndGlobalSection
	GlobalSection(SolutionProperties) = preSolution
		HideSolutionNode = FALSE
	EndGlobalSection
	GlobalSection(NestedProjects) = preSolution
		{FF0474FF-5844-4B0A-8B7B-47AC592BDE03} = {263D749B-EEBE-4B2A-B79A-B162BAB68E24}
		{9EA166E6-D15B-453F-A68E-8119BC472933} = {3D5D0B67-478E-4734-83F5-9D9F612E5661}
		{C5A387B7-1E4A-441F-9571-389A76710710} = {D3A85B77-BCBF-455F-9882-A63809F8F8B0}
	EndGlobalSection
EndGlobal
